
Microsoft Visual Studio Solution File, Format Version 12.00
# Visual Studio Version 17
VisualStudioVersion = 17.4.33205.214
MinimumVisualStudioVersion = 10.0.40219.1
Project("{FAE04EC0-301F-11D3-BF4B-00C04F79EFBC}") = "PipeServer", "PipeServer\PipeServer.csproj", "{EB7B6A8F-A0E1-4DD6-920B-E831C9A1B1D9}"
EndProject
Project("{FAE04EC0-301F-11D3-BF4B-00C04F79EFBC}") = "PipeClient", "PipeClient\PipeClient.csproj", "{B01A6851-4E8C-4488-9E93-5EA6AFE7E1B9}"
EndProject
Global
	GlobalSection(SolutionConfigurationPlatforms) = preSolution
		Debug|Any CPU = Debug|Any CPU
		Release|Any CPU = Release|Any CPU
	EndGlobalSection
	GlobalSection(ProjectConfigurationPlatforms) = postSolution
		{EB7B6A8F-A0E1-4DD6-920B-E831C9A1B1D9}.Debug|Any CPU.ActiveCfg = Debug|Any CPU
		{EB7B6A8F-A0E1-4DD6-920B-E831C9A1B1D9}.Debug|Any CPU.Build.0 = Debug|Any CPU
		{EB7B6A8F-A0E1-4DD6-920B-E831C9A1B1D9}.Release|Any CPU.ActiveCfg = Release|Any CPU
		{EB7B6A8F-A0E1-4DD6-920B-E831C9A1B1D9}.Release|Any CPU.Build.0 = Release|Any CPU
		{B01A6851-4E8C-4488-9E93-5EA6AFE7E1B9}.Debug|Any CPU.ActiveCfg = Debug|Any CPU
		{B01A6851-4E8C-4488-9E93-5EA6AFE7E1B9}.Debug|Any CPU.Build.0 = Debug|Any CPU
		{B01A6851-4E8C-4488-9E93-5EA6AFE7E1B9}.Release|Any CPU.ActiveCfg = Release|Any CPU
		{B01A6851-4E8C-4488-9E93-5EA6AFE7E1B9}.Release|Any CPU.Build.0 = Release|Any CPU
	EndGlobalSection
	GlobalSection(SolutionProperties) = preSolution
		HideSolutionNode = FALSE
	EndGlobalSection
	GlobalSection(ExtensibilityGlobals) = postSolution
		SolutionGuid = {02FEEA6C-FFB8-4523-BF23-2E24BDDAF7BD}
	EndGlobalSection
EndGlobal
